
Microsoft Visual Studio Solution File, Format Version 12.00
# Visual Studio 15
VisualStudioVersion = 15.0.26403.7
MinimumVisualStudioVersion = 10.0.40219.1
Project("{FAE04EC0-301F-11D3-BF4B-00C04F79EFBC}") = "TcpFiletransfer", "TcpFiletransfer\TcpFiletransfer.csproj", "{1133366B-47DC-4CC5-A0A4-6792B4FCD634}"
EndProject
Project("{FAE04EC0-301F-11D3-BF4B-00C04F79EFBC}") = "TcpFiletransferTest", "TcpFiletransferTest\TcpFiletransferTest.csproj", "{82BF042F-C536-4AAF-B060-1A47E3797D83}"
EndProject
Global
	GlobalSection(SolutionConfigurationPlatforms) = preSolution
		Debug|Any CPU = Debug|Any CPU
		Release|Any CPU = Release|Any CPU
	EndGlobalSection
	GlobalSection(ProjectConfigurationPlatforms) = postSolution
		{1133366B-47DC-4CC5-A0A4-6792B4FCD634}.Debug|Any CPU.ActiveCfg = Debug|Any CPU
		{1133366B-47DC-4CC5-A0A4-6792B4FCD634}.Debug|Any CPU.Build.0 = Debug|Any CPU
		{1133366B-47DC-4CC5-A0A4-6792B4FCD634}.Release|Any CPU.ActiveCfg = Release|Any CPU
		{1133366B-47DC-4CC5-A0A4-6792B4FCD634}.Release|Any CPU.Build.0 = Release|Any CPU
		{82BF042F-C536-4AAF-B060-1A47E3797D83}.Debug|Any CPU.ActiveCfg = Debug|Any CPU
		{82BF042F-C536-4AAF-B060-1A47E3797D83}.Debug|Any CPU.Build.0 = Debug|Any CPU
		{82BF042F-C536-4AAF-B060-1A47E3797D83}.Release|Any CPU.ActiveCfg = Release|Any CPU
		{82BF042F-C536-4AAF-B060-1A47E3797D83}.Release|Any CPU.Build.0 = Release|Any CPU
	EndGlobalSection
	GlobalSection(SolutionProperties) = preSolution
		HideSolutionNode = FALSE
	EndGlobalSection
	GlobalSection(ExtensibilityGlobals) = postSolution
		SolutionGuid = {693E775B-6988-47BE-815F-77200337E085}
	EndGlobalSection
EndGlobal
